// !$*UTF8*$!
{
	archiveVersion = 1;
	classes = {
	};
	objectVersion = 56;
	objects = {

/* Begin PBXBuildFile section */
		EE16D4BD2B23AB2200AF534F /* SwiftUIBasics_Part2App.swift in Sources */ = {isa = PBXBuildFile; fileRef = EE16D4BC2B23AB2200AF534F /* SwiftUIBasics_Part2App.swift */; };
		EE16D4C12B23AB2400AF534F /* Assets.xcassets in Resources */ = {isa = PBXBuildFile; fileRef = EE16D4C02B23AB2400AF534F /* Assets.xcassets */; };
		EE16D4C42B23AB2400AF534F /* Preview Assets.xcassets in Resources */ = {isa = PBXBuildFile; fileRef = EE16D4C32B23AB2400AF534F /* Preview Assets.xcassets */; };
		EE16D4CB2B23AB3900AF534F /* ToDoListView.swift in Sources */ = {isa = PBXBuildFile; fileRef = EE16D4CA2B23AB3900AF534F /* ToDoListView.swift */; };
		EE7ABB402B24624D00636A36 /* TaskRow.swift in Sources */ = {isa = PBXBuildFile; fileRef = EE7ABB3F2B24624D00636A36 /* TaskRow.swift */; };
		EE7ABB422B2464E200636A36 /* ToDoTaskModel.swift in Sources */ = {isa = PBXBuildFile; fileRef = EE7ABB412B2464E200636A36 /* ToDoTaskModel.swift */; };
		EE7ABB442B2472E500636A36 /* ColorExtension.swift in Sources */ = {isa = PBXBuildFile; fileRef = EE7ABB432B2472E500636A36 /* ColorExtension.swift */; };
		EEADC80B2B24771D00F1D15E /* CustomProgressView.swift in Sources */ = {isa = PBXBuildFile; fileRef = EEADC80A2B24771D00F1D15E /* CustomProgressView.swift */; };
/* End PBXBuildFile section */

/* Begin PBXFileReference section */
		EE16D4B92B23AB2200AF534F /* SwiftUIBasics-Part2.app */ = {isa = PBXFileReference; explicitFileType = wrapper.application; includeInIndex = 0; path = "SwiftUIBasics-Part2.app"; sourceTree = BUILT_PRODUCTS_DIR; };
		EE16D4BC2B23AB2200AF534F /* SwiftUIBasics_Part2App.swift */ = {isa = PBXFileReference; lastKnownFileType = sourcecode.swift; path = SwiftUIBasics_Part2App.swift; sourceTree = "<group>"; };
		EE16D4C02B23AB2400AF534F /* Assets.xcassets */ = {isa = PBXFileReference; lastKnownFileType = folder.assetcatalog; path = Assets.xcassets; sourceTree = "<group>"; };
		EE16D4C32B23AB2400AF534F /* Preview Assets.xcassets */ = {isa = PBXFileReference; lastKnownFileType = folder.assetcatalog; path = "Preview Assets.xcassets"; sourceTree = "<group>"; };
		EE16D4CA2B23AB3900AF534F /* ToDoListView.swift */ = {isa = PBXFileReference; lastKnownFileType = sourcecode.swift; path = ToDoListView.swift; sourceTree = "<group>"; };
		EE7ABB3F2B24624D00636A36 /* TaskRow.swift */ = {isa = PBXFileReference; lastKnownFileType = sourcecode.swift; path = TaskRow.swift; sourceTree = "<group>"; };
		EE7ABB412B2464E200636A36 /* ToDoTaskModel.swift */ = {isa = PBXFileReference; lastKnownFileType = sourcecode.swift; path = ToDoTaskModel.swift; sourceTree = "<group>"; };
		EE7ABB432B2472E500636A36 /* ColorExtension.swift */ = {isa = PBXFileReference; lastKnownFileType = sourcecode.swift; path = ColorExtension.swift; sourceTree = "<group>"; };
		EEADC80A2B24771D00F1D15E /* CustomProgressView.swift */ = {isa = PBXFileReference; lastKnownFileType = sourcecode.swift; path = CustomProgressView.swift; sourceTree = "<group>"; };
/* End PBXFileReference section */

/* Begin PBXFrameworksBuildPhase section */
		EE16D4B62B23AB2200AF534F /* Frameworks */ = {
			isa = PBXFrameworksBuildPhase;
			buildActionMask = 2147483647;
			files = (
			);
			runOnlyForDeploymentPostprocessing = 0;
		};
/* End PBXFrameworksBuildPhase section */

/* Begin PBXGroup section */
		EE16D4B02B23AB2200AF534F = {
			isa = PBXGroup;
			children = (
				EE16D4BB2B23AB2200AF534F /* SwiftUIBasics-Part2 */,
				EE16D4BA2B23AB2200AF534F /* Products */,
			);
			sourceTree = "<group>";
		};
		EE16D4BA2B23AB2200AF534F /* Products */ = {
			isa = PBXGroup;
			children = (
				EE16D4B92B23AB2200AF534F /* SwiftUIBasics-Part2.app */,
			);
			name = Products;
			sourceTree = "<group>";
		};
		EE16D4BB2B23AB2200AF534F /* SwiftUIBasics-Part2 */ = {
			isa = PBXGroup;
			children = (
				EE16D4BC2B23AB2200AF534F /* SwiftUIBasics_Part2App.swift */,
				EEADC80C2B24773700F1D15E /* Color Extension */,
				EE7ABB412B2464E200636A36 /* ToDoTaskModel.swift */,
				EE16D4CA2B23AB3900AF534F /* ToDoListView.swift */,
				EEADC80A2B24771D00F1D15E /* CustomProgressView.swift */,
				EE7ABB3F2B24624D00636A36 /* TaskRow.swift */,
				EE16D4C02B23AB2400AF534F /* Assets.xcassets */,
				EE16D4C22B23AB2400AF534F /* Preview Content */,
			);
			path = "SwiftUIBasics-Part2";
			sourceTree = "<group>";
		};
		EE16D4C22B23AB2400AF534F /* Preview Content */ = {
			isa = PBXGroup;
			children = (
				EE16D4C32B23AB2400AF534F /* Preview Assets.xcassets */,
			);
			path = "Preview Content";
			sourceTree = "<group>";
		};
		EEADC80C2B24773700F1D15E /* Color Extension */ = {
			isa = PBXGroup;
			children = (
				EE7ABB432B2472E500636A36 /* ColorExtension.swift */,
			);
			path = "Color Extension";
			sourceTree = "<group>";
		};
/* End PBXGroup section */

/* Begin PBXNativeTarget section */
		EE16D4B82B23AB2200AF534F /* SwiftUIBasics-Part2 */ = {
			isa = PBXNativeTarget;
			buildConfigurationList = EE16D4C72B23AB2400AF534F /* Build configuration list for PBXNativeTarget "SwiftUIBasics-Part2" */;
			buildPhases = (
				EE16D4B52B23AB2200AF534F /* Sources */,
				EE16D4B62B23AB2200AF534F /* Frameworks */,
				EE16D4B72B23AB2200AF534F /* Resources */,
			);
			buildRules = (
			);
			dependencies = (
			);
			name = "SwiftUIBasics-Part2";
			productName = "SwiftUIBasics-Part2";
			productReference = EE16D4B92B23AB2200AF534F /* SwiftUIBasics-Part2.app */;
			productType = "com.apple.product-type.application";
		};
/* End PBXNativeTarget section */

/* Begin PBXProject section */
		EE16D4B12B23AB2200AF534F /* Project object */ = {
			isa = PBXProject;
			attributes = {
				BuildIndependentTargetsInParallel = 1;
				LastSwiftUpdateCheck = 1500;
				LastUpgradeCheck = 1500;
				TargetAttributes = {
					EE16D4B82B23AB2200AF534F = {
						CreatedOnToolsVersion = 15.0.1;
					};
				};
			};
			buildConfigurationList = EE16D4B42B23AB2200AF534F /* Build configuration list for PBXProject "SwiftUIBasics-Part2" */;
			compatibilityVersion = "Xcode 14.0";
			developmentRegion = en;
			hasScannedForEncodings = 0;
			knownRegions = (
				en,
				Base,
			);
			mainGroup = EE16D4B02B23AB2200AF534F;
			productRefGroup = EE16D4BA2B23AB2200AF534F /* Products */;
			projectDirPath = "";
			projectRoot = "";
			targets = (
				EE16D4B82B23AB2200AF534F /* SwiftUIBasics-Part2 */,
			);
		};
/* End PBXProject section */

/* Begin PBXResourcesBuildPhase section */
		EE16D4B72B23AB2200AF534F /* Resources */ = {
			isa = PBXResourcesBuildPhase;
			buildActionMask = 2147483647;
			files = (
				EE16D4C42B23AB2400AF534F /* Preview Assets.xcassets in Resources */,
				EE16D4C12B23AB2400AF534F /* Assets.xcassets in Resources */,
			);
			runOnlyForDeploymentPostprocessing = 0;
		};
/* End PBXResourcesBuildPhase section */

/* Begin PBXSourcesBuildPhase section */
		EE16D4B52B23AB2200AF534F /* Sources */ = {
			isa = PBXSourcesBuildPhase;
			buildActionMask = 2147483647;
			files = (
				EE7ABB422B2464E200636A36 /* ToDoTaskModel.swift in Sources */,
				EE7ABB402B24624D00636A36 /* TaskRow.swift in Sources */,
				EEADC80B2B24771D00F1D15E /* CustomProgressView.swift in Sources */,
				EE16D4CB2B23AB3900AF534F /* ToDoListView.swift in Sources */,
				EE16D4BD2B23AB2200AF534F /* SwiftUIBasics_Part2App.swift in Sources */,
				EE7ABB442B2472E500636A36 /* ColorExtension.swift in Sources */,
			);
			runOnlyForDeploymentPostprocessing = 0;
		};
/* End PBXSourcesBuildPhase section */

/* Begin XCBuildConfiguration section */
		EE16D4C52B23AB2400AF534F /* Debug */ = {
			isa = XCBuildConfiguration;
			buildSettings = {
				ALWAYS_SEARCH_USER_PATHS = NO;
				ASSETCATALOG_COMPILER_GENERATE_SWIFT_ASSET_SYMBOL_EXTENSIONS = YES;
				CLANG_ANALYZER_NONNULL = YES;
				CLANG_ANALYZER_NUMBER_OBJECT_CONVERSION = YES_AGGRESSIVE;
				CLANG_CXX_LANGUAGE_STANDARD = "gnu++20";
				CLANG_ENABLE_MODULES = YES;
				CLANG_ENABLE_OBJC_ARC = YES;
				CLANG_ENABLE_OBJC_WEAK = YES;
				CLANG_WARN_BLOCK_CAPTURE_AUTORELEASING = YES;
				CLANG_WARN_BOOL_CONVERSION = YES;
				CLANG_WARN_COMMA = YES;
				CLANG_WARN_CONSTANT_CONVERSION = YES;
				CLANG_WARN_DEPRECATED_OBJC_IMPLEMENTATIONS = YES;
				CLANG_WARN_DIRECT_OBJC_ISA_USAGE = YES_ERROR;
				CLANG_WARN_DOCUMENTATION_COMMENTS = YES;
				CLANG_WARN_EMPTY_BODY = YES;
				CLANG_WARN_ENUM_CONVERSION = YES;
				CLANG_WARN_INFINITE_RECURSION = YES;
				CLANG_WARN_INT_CONVERSION = YES;
				CLANG_WARN_NON_LITERAL_NULL_CONVERSION = YES;
				CLANG_WARN_OBJC_IMPLICIT_RETAIN_SELF = YES;
				CLANG_WARN_OBJC_LITERAL_CONVERSION = YES;
				CLANG_WARN_OBJC_ROOT_CLASS = YES_ERROR;
				CLANG_WARN_QUOTED_INCLUDE_IN_FRAMEWORK_HEADER = YES;
				CLANG_WARN_RANGE_LOOP_ANALYSIS = YES;
				CLANG_WARN_STRICT_PROTOTYPES = YES;
				CLANG_WARN_SUSPICIOUS_MOVE = YES;
				CLANG_WARN_UNGUARDED_AVAILABILITY = YES_AGGRESSIVE;
				CLANG_WARN_UNREACHABLE_CODE = YES;
				CLANG_WARN__DUPLICATE_METHOD_MATCH = YES;
				COPY_PHASE_STRIP = NO;
				DEBUG_INFORMATION_FORMAT = dwarf;
				ENABLE_STRICT_OBJC_MSGSEND = YES;
				ENABLE_TESTABILITY = YES;
				ENABLE_USER_SCRIPT_SANDBOXING = YES;
				GCC_C_LANGUAGE_STANDARD = gnu17;
				GCC_DYNAMIC_NO_PIC = NO;
				GCC_NO_COMMON_BLOCKS = YES;
				GCC_OPTIMIZATION_LEVEL = 0;
				GCC_PREPROCESSOR_DEFINITIONS = (
					"DEBUG=1",
					"$(inherited)",
				);
				GCC_WARN_64_TO_32_BIT_CONVERSION = YES;
				GCC_WARN_ABOUT_RETURN_TYPE = YES_ERROR;
				GCC_WARN_UNDECLARED_SELECTOR = YES;
				GCC_WARN_UNINITIALIZED_AUTOS = YES_AGGRESSIVE;
				GCC_WARN_UNUSED_FUNCTION = YES;
				GCC_WARN_UNUSED_VARIABLE = YES;
				IPHONEOS_DEPLOYMENT_TARGET = 17.0;
				LOCALIZATION_PREFERS_STRING_CATALOGS = YES;
				MTL_ENABLE_DEBUG_INFO = INCLUDE_SOURCE;
				MTL_FAST_MATH = YES;
				ONLY_ACTIVE_ARCH = YES;
				SDKROOT = iphoneos;
				SWIFT_ACTIVE_COMPILATION_CONDITIONS = "DEBUG $(inherited)";
				SWIFT_OPTIMIZATION_LEVEL = "-Onone";
			};
			name = Debug;
		};
		EE16D4C62B23AB2400AF534F /* Release */ = {
			isa = XCBuildConfiguration;
			buildSettings = {
				ALWAYS_SEARCH_USER_PATHS = NO;
				ASSETCATALOG_COMPILER_GENERATE_SWIFT_ASSET_SYMBOL_EXTENSIONS = YES;
				CLANG_ANALYZER_NONNULL = YES;
				CLANG_ANALYZER_NUMBER_OBJECT_CONVERSION = YES_AGGRESSIVE;
				CLANG_CXX_LANGUAGE_STANDARD = "gnu++20";
				CLANG_ENABLE_MODULES = YES;
				CLANG_ENABLE_OBJC_ARC = YES;
				CLANG_ENABLE_OBJC_WEAK = YES;
				CLANG_WARN_BLOCK_CAPTURE_AUTORELEASING = YES;
				CLANG_WARN_BOOL_CONVERSION = YES;
				CLANG_WARN_COMMA = YES;
				CLANG_WARN_CONSTANT_CONVERSION = YES;
				CLANG_WARN_DEPRECATED_OBJC_IMPLEMENTATIONS = YES;
				CLANG_WARN_DIRECT_OBJC_ISA_USAGE = YES_ERROR;
				CLANG_WARN_DOCUMENTATION_COMMENTS = YES;
				CLANG_WARN_EMPTY_BODY = YES;
				CLANG_WARN_ENUM_CONVERSION = YES;
				CLANG_WARN_INFINITE_RECURSION = YES;
				CLANG_WARN_INT_CONVERSION = YES;
				CLANG_WARN_NON_LITERAL_NULL_CONVERSION = YES;
				CLANG_WARN_OBJC_IMPLICIT_RETAIN_SELF = YES;
				CLANG_WARN_OBJC_LITERAL_CONVERSION = YES;
				CLANG_WARN_OBJC_ROOT_CLASS = YES_ERROR;
				CLANG_WARN_QUOTED_INCLUDE_IN_FRAMEWORK_HEADER = YES;
				CLANG_WARN_RANGE_LOOP_ANALYSIS = YES;
				CLANG_WARN_STRICT_PROTOTYPES = YES;
				CLANG_WARN_SUSPICIOUS_MOVE = YES;
				CLANG_WARN_UNGUARDED_AVAILABILITY = YES_AGGRESSIVE;
				CLANG_WARN_UNREACHABLE_CODE = YES;
				CLANG_WARN__DUPLICATE_METHOD_MATCH = YES;
				COPY_PHASE_STRIP = NO;
				DEBUG_INFORMATION_FORMAT = "dwarf-with-dsym";
				ENABLE_NS_ASSERTIONS = NO;
				ENABLE_STRICT_OBJC_MSGSEND = YES;
				ENABLE_USER_SCRIPT_SANDBOXING = YES;
				GCC_C_LANGUAGE_STANDARD = gnu17;
				GCC_NO_COMMON_BLOCKS = YES;
				GCC_WARN_64_TO_32_BIT_CONVERSION = YES;
				GCC_WARN_ABOUT_RETURN_TYPE = YES_ERROR;
				GCC_WARN_UNDECLARED_SELECTOR = YES;
				GCC_WARN_UNINITIALIZED_AUTOS = YES_AGGRESSIVE;
				GCC_WARN_UNUSED_FUNCTION = YES;
				GCC_WARN_UNUSED_VARIABLE = YES;
				IPHONEOS_DEPLOYMENT_TARGET = 17.0;
				LOCALIZATION_PREFERS_STRING_CATALOGS = YES;
				MTL_ENABLE_DEBUG_INFO = NO;
				MTL_FAST_MATH = YES;
				SDKROOT = iphoneos;
				SWIFT_COMPILATION_MODE = wholemodule;
				VALIDATE_PRODUCT = YES;
			};
			name = Release;
		};
		EE16D4C82B23AB2400AF534F /* Debug */ = {
			isa = XCBuildConfiguration;
			buildSettings = {
				ASSETCATALOG_COMPILER_APPICON_NAME = AppIcon;
				ASSETCATALOG_COMPILER_GLOBAL_ACCENT_COLOR_NAME = AccentColor;
				CODE_SIGN_STYLE = Automatic;
				CURRENT_PROJECT_VERSION = 1;
				DEVELOPMENT_ASSET_PATHS = "\"SwiftUIBasics-Part2/Preview Content\"";
				ENABLE_PREVIEWS = YES;
				GENERATE_INFOPLIST_FILE = YES;
				INFOPLIST_KEY_UIApplicationSceneManifest_Generation = YES;
				INFOPLIST_KEY_UIApplicationSupportsIndirectInputEvents = YES;
				INFOPLIST_KEY_UILaunchScreen_Generation = YES;
				INFOPLIST_KEY_UISupportedInterfaceOrientations_iPad = "UIInterfaceOrientationPortrait UIInterfaceOrientationPortraitUpsideDown UIInterfaceOrientationLandscapeLeft UIInterfaceOrientationLandscapeRight";
				INFOPLIST_KEY_UISupportedInterfaceOrientations_iPhone = "UIInterfaceOrientationPortrait UIInterfaceOrientationLandscapeLeft UIInterfaceOrientationLandscapeRight";
				LD_RUNPATH_SEARCH_PATHS = (
					"$(inherited)",
					"@executable_path/Frameworks",
				);
				MARKETING_VERSION = 1.0;
				PRODUCT_BUNDLE_IDENTIFIER = "com.myorganization.SwiftUIBasics-Part2";
				PRODUCT_NAME = "$(TARGET_NAME)";
				SWIFT_EMIT_LOC_STRINGS = YES;
				SWIFT_VERSION = 5.0;
				TARGETED_DEVICE_FAMILY = "1,2";
			};
			name = Debug;
		};
		EE16D4C92B23AB2400AF534F /* Release */ = {
			isa = XCBuildConfiguration;
			buildSettings = {
				ASSETCATALOG_COMPILER_APPICON_NAME = AppIcon;
				ASSETCATALOG_COMPILER_GLOBAL_ACCENT_COLOR_NAME = AccentColor;
				CODE_SIGN_STYLE = Automatic;
				CURRENT_PROJECT_VERSION = 1;
				DEVELOPMENT_ASSET_PATHS = "\"SwiftUIBasics-Part2/Preview Content\"";
				ENABLE_PREVIEWS = YES;
				GENERATE_INFOPLIST_FILE = YES;
				INFOPLIST_KEY_UIApplicationSceneManifest_Generation = YES;
				INFOPLIST_KEY_UIApplicationSupportsIndirectInputEvents = YES;
				INFOPLIST_KEY_UILaunchScreen_Generation = YES;
				INFOPLIST_KEY_UISupportedInterfaceOrientations_iPad = "UIInterfaceOrientationPortrait UIInterfaceOrientationPortraitUpsideDown UIInterfaceOrientationLandscapeLeft UIInterfaceOrientationLandscapeRight";
				INFOPLIST_KEY_UISupportedInterfaceOrientations_iPhone = "UIInterfaceOrientationPortrait UIInterfaceOrientationLandscapeLeft UIInterfaceOrientationLandscapeRight";
				LD_RUNPATH_SEARCH_PATHS = (
					"$(inherited)",
					"@executable_path/Frameworks",
				);
				MARKETING_VERSION = 1.0;
				PRODUCT_BUNDLE_IDENTIFIER = "com.myorganization.SwiftUIBasics-Part2";
				PRODUCT_NAME = "$(TARGET_NAME)";
				SWIFT_EMIT_LOC_STRINGS = YES;
				SWIFT_VERSION = 5.0;
				TARGETED_DEVICE_FAMILY = "1,2";
			};
			name = Release;
		};
/* End XCBuildConfiguration section */

/* Begin XCConfigurationList section */
		EE16D4B42B23AB2200AF534F /* Build configuration list for PBXProject "SwiftUIBasics-Part2" */ = {
			isa = XCConfigurationList;
			buildConfigurations = (
				EE16D4C52B23AB2400AF534F /* Debug */,
				EE16D4C62B23AB2400AF534F /* Release */,
			);
			defaultConfigurationIsVisible = 0;
			defaultConfigurationName = Release;
		};
		EE16D4C72B23AB2400AF534F /* Build configuration list for PBXNativeTarget "SwiftUIBasics-Part2" */ = {
			isa = XCConfigurationList;
			buildConfigurations = (
				EE16D4C82B23AB2400AF534F /* Debug */,
				EE16D4C92B23AB2400AF534F /* Release */,
			);
			defaultConfigurationIsVisible = 0;
			defaultConfigurationName = Release;
		};
/* End XCConfigurationList section */
	};
	rootObject = EE16D4B12B23AB2200AF534F /* Project object */;
}
